
Microsoft Visual Studio Solution File, Format Version 12.00
# Visual Studio Version 16
VisualStudioVersion = 16.0.30621.155
MinimumVisualStudioVersion = 10.0.40219.1
Project("{FAE04EC0-301F-11D3-BF4B-00C04F79EFBC}") = "ChessApp.Code", "ChessApp.Code\ChessApp.Code.csproj", "{08B3628F-3B24-4B9B-A854-1166E38EC5FF}"
EndProject
Project("{D954291E-2A0B-460D-934E-DC6B0785DB48}") = "ChessApp.UI.Shared", "ChessApp.UI\ChessApp.UI.Shared\ChessApp.UI.Shared.shproj", "{6279C845-92F8-4333-AB99-3D213163593C}"
EndProject
Project("{FAE04EC0-301F-11D3-BF4B-00C04F79EFBC}") = "ChessApp.UI.Droid", "ChessApp.UI\ChessApp.UI.Droid\ChessApp.UI.Droid.csproj", "{069C2903-5C6D-46CD-967A-BC8F7A0ADBCD}"
EndProject
Project("{FAE04EC0-301F-11D3-BF4B-00C04F79EFBC}") = "ChessApp.UI.iOS", "ChessApp.UI\ChessApp.UI.iOS\ChessApp.UI.iOS.csproj", "{7A5AA44F-7441-40C4-88E9-510056A5BC4A}"
EndProject
Project("{FAE04EC0-301F-11D3-BF4B-00C04F79EFBC}") = "ChessApp.UI.UWP", "ChessApp.UI\ChessApp.UI.UWP\ChessApp.UI.UWP.csproj", "{2DD4206B-631D-4A60-8A2D-1566D641D4E0}"
EndProject
Project("{FAE04EC0-301F-11D3-BF4B-00C04F79EFBC}") = "ChessApp.UI.Wasm", "ChessApp.UI\ChessApp.UI.Wasm\ChessApp.UI.Wasm.csproj", "{EA03ADAF-7C65-4356-B106-82A74B81FCF8}"
EndProject
Project("{FAE04EC0-301F-11D3-BF4B-00C04F79EFBC}") = "ChessApp.UI.macOS", "ChessApp.UI\ChessApp.UI.macOS\ChessApp.UI.macOS.csproj", "{DCDF5C4D-F4C9-4D3A-86E5-71D31C52F464}"
EndProject
Project("{FAE04EC0-301F-11D3-BF4B-00C04F79EFBC}") = "ChessApp.UI.Skia.Wpf.Host", "ChessApp.UI\ChessApp.UI.Skia.Wpf.Host\ChessApp.UI.Skia.Wpf.Host.csproj", "{CCE9CEA9-3494-44E9-BFFC-976D1DC19FB8}"
EndProject
Project("{FAE04EC0-301F-11D3-BF4B-00C04F79EFBC}") = "ChessApp.UI.Skia.Wpf", "ChessApp.UI\ChessApp.UI.Skia.Wpf\ChessApp.UI.Skia.Wpf.csproj", "{AFCB9B9F-69DB-4770-B835-8C3E2CD117E4}"
EndProject
Project("{FAE04EC0-301F-11D3-BF4B-00C04F79EFBC}") = "ChessApp.UI.Skia.Gtk", "ChessApp.UI\ChessApp.UI.Skia.Gtk\ChessApp.UI.Skia.Gtk.csproj", "{E8BB75BE-F457-43AD-BFF4-FF0986781EAD}"
EndProject
Global
	GlobalSection(SharedMSBuildProjectFiles) = preSolution
		ChessApp.UI\ChessApp.UI.Shared\ChessApp.UI.Shared.projitems*{069c2903-5c6d-46cd-967a-bc8f7a0adbcd}*SharedItemsImports = 4
		ChessApp.UI\ChessApp.UI.Shared\ChessApp.UI.Shared.projitems*{2dd4206b-631d-4a60-8a2d-1566d641d4e0}*SharedItemsImports = 4
		ChessApp.UI\ChessApp.UI.Shared\ChessApp.UI.Shared.projitems*{6279c845-92f8-4333-ab99-3d213163593c}*SharedItemsImports = 13
		ChessApp.UI\ChessApp.UI.Shared\ChessApp.UI.Shared.projitems*{7a5aa44f-7441-40c4-88e9-510056a5bc4a}*SharedItemsImports = 4
		ChessApp.UI\ChessApp.UI.Shared\ChessApp.UI.Shared.projitems*{afcb9b9f-69db-4770-b835-8c3e2cd117e4}*SharedItemsImports = 5
		ChessApp.UI\ChessApp.UI.Shared\ChessApp.UI.Shared.projitems*{dcdf5c4d-f4c9-4d3a-86e5-71d31c52f464}*SharedItemsImports = 4
		ChessApp.UI\ChessApp.UI.Shared\ChessApp.UI.Shared.projitems*{e8bb75be-f457-43ad-bff4-ff0986781ead}*SharedItemsImports = 5
		ChessApp.UI\ChessApp.UI.Shared\ChessApp.UI.Shared.projitems*{ea03adaf-7c65-4356-b106-82a74b81fcf8}*SharedItemsImports = 5
	EndGlobalSection
	GlobalSection(SolutionConfigurationPlatforms) = preSolution
		Ad-Hoc|Any CPU = Ad-Hoc|Any CPU
		Ad-Hoc|ARM = Ad-Hoc|ARM
		Ad-Hoc|ARM64 = Ad-Hoc|ARM64
		Ad-Hoc|iPhone = Ad-Hoc|iPhone
		Ad-Hoc|iPhoneSimulator = Ad-Hoc|iPhoneSimulator
		Ad-Hoc|x64 = Ad-Hoc|x64
		Ad-Hoc|x86 = Ad-Hoc|x86
		AppStore|Any CPU = AppStore|Any CPU
		AppStore|ARM = AppStore|ARM
		AppStore|ARM64 = AppStore|ARM64
		AppStore|iPhone = AppStore|iPhone
		AppStore|iPhoneSimulator = AppStore|iPhoneSimulator
		AppStore|x64 = AppStore|x64
		AppStore|x86 = AppStore|x86
		Debug|Any CPU = Debug|Any CPU
		Debug|ARM = Debug|ARM
		Debug|ARM64 = Debug|ARM64
		Debug|iPhone = Debug|iPhone
		Debug|iPhoneSimulator = Debug|iPhoneSimulator
		Debug|x64 = Debug|x64
		Debug|x86 = Debug|x86
		Release|Any CPU = Release|Any CPU
		Release|ARM = Release|ARM
		Release|ARM64 = Release|ARM64
		Release|iPhone = Release|iPhone
		Release|iPhoneSimulator = Release|iPhoneSimulator
		Release|x64 = Release|x64
		Release|x86 = Release|x86
	EndGlobalSection
	GlobalSection(ProjectConfigurationPlatforms) = postSolution
		{08B3628F-3B24-4B9B-A854-1166E38EC5FF}.Ad-Hoc|Any CPU.ActiveCfg = Debug|Any CPU
		{08B3628F-3B24-4B9B-A854-1166E38EC5FF}.Ad-Hoc|Any CPU.Build.0 = Debug|Any CPU
		{08B3628F-3B24-4B9B-A854-1166E38EC5FF}.Ad-Hoc|ARM.ActiveCfg = Debug|Any CPU
		{08B3628F-3B24-4B9B-A854-1166E38EC5FF}.Ad-Hoc|ARM.Build.0 = Debug|Any CPU
		{08B3628F-3B24-4B9B-A854-1166E38EC5FF}.Ad-Hoc|ARM64.ActiveCfg = Debug|Any CPU
		{08B3628F-3B24-4B9B-A854-1166E38EC5FF}.Ad-Hoc|ARM64.Build.0 = Debug|Any CPU
		{08B3628F-3B24-4B9B-A854-1166E38EC5FF}.Ad-Hoc|iPhone.ActiveCfg = Debug|Any CPU
		{08B3628F-3B24-4B9B-A854-1166E38EC5FF}.Ad-Hoc|iPhone.Build.0 = Debug|Any CPU
		{08B3628F-3B24-4B9B-A854-1166E38EC5FF}.Ad-Hoc|iPhoneSimulator.ActiveCfg = Debug|Any CPU
		{08B3628F-3B24-4B9B-A854-1166E38EC5FF}.Ad-Hoc|iPhoneSimulator.Build.0 = Debug|Any CPU
		{08B3628F-3B24-4B9B-A854-1166E38EC5FF}.Ad-Hoc|x64.ActiveCfg = Debug|Any CPU
		{08B3628F-3B24-4B9B-A854-1166E38EC5FF}.Ad-Hoc|x64.Build.0 = Debug|Any CPU
		{08B3628F-3B24-4B9B-A854-1166E38EC5FF}.Ad-Hoc|x86.ActiveCfg = Debug|Any CPU
		{08B3628F-3B24-4B9B-A854-1166E38EC5FF}.Ad-Hoc|x86.Build.0 = Debug|Any CPU
		{08B3628F-3B24-4B9B-A854-1166E38EC5FF}.AppStore|Any CPU.ActiveCfg = Debug|Any CPU
		{08B3628F-3B24-4B9B-A854-1166E38EC5FF}.AppStore|Any CPU.Build.0 = Debug|Any CPU
		{08B3628F-3B24-4B9B-A854-1166E38EC5FF}.AppStore|ARM.ActiveCfg = Debug|Any CPU
		{08B3628F-3B24-4B9B-A854-1166E38EC5FF}.AppStore|ARM.Build.0 = Debug|Any CPU
		{08B3628F-3B24-4B9B-A854-1166E38EC5FF}.AppStore|ARM64.ActiveCfg = Debug|Any CPU
		{08B3628F-3B24-4B9B-A854-1166E38EC5FF}.AppStore|ARM64.Build.0 = Debug|Any CPU
		{08B3628F-3B24-4B9B-A854-1166E38EC5FF}.AppStore|iPhone.ActiveCfg = Debug|Any CPU
		{08B3628F-3B24-4B9B-A854-1166E38EC5FF}.AppStore|iPhone.Build.0 = Debug|Any CPU
		{08B3628F-3B24-4B9B-A854-1166E38EC5FF}.AppStore|iPhoneSimulator.ActiveCfg = Debug|Any CPU
		{08B3628F-3B24-4B9B-A854-1166E38EC5FF}.AppStore|iPhoneSimulator.Build.0 = Debug|Any CPU
		{08B3628F-3B24-4B9B-A854-1166E38EC5FF}.AppStore|x64.ActiveCfg = Debug|Any CPU
		{08B3628F-3B24-4B9B-A854-1166E38EC5FF}.AppStore|x64.Build.0 = Debug|Any CPU
		{08B3628F-3B24-4B9B-A854-1166E38EC5FF}.AppStore|x86.ActiveCfg = Debug|Any CPU
		{08B3628F-3B24-4B9B-A854-1166E38EC5FF}.AppStore|x86.Build.0 = Debug|Any CPU
		{08B3628F-3B24-4B9B-A854-1166E38EC5FF}.Debug|Any CPU.ActiveCfg = Debug|Any CPU
		{08B3628F-3B24-4B9B-A854-1166E38EC5FF}.Debug|Any CPU.Build.0 = Debug|Any CPU
		{08B3628F-3B24-4B9B-A854-1166E38EC5FF}.Debug|ARM.ActiveCfg = Debug|Any CPU
		{08B3628F-3B24-4B9B-A854-1166E38EC5FF}.Debug|ARM.Build.0 = Debug|Any CPU
		{08B3628F-3B24-4B9B-A854-1166E38EC5FF}.Debug|ARM64.ActiveCfg = Debug|Any CPU
		{08B3628F-3B24-4B9B-A854-1166E38EC5FF}.Debug|ARM64.Build.0 = Debug|Any CPU
		{08B3628F-3B24-4B9B-A854-1166E38EC5FF}.Debug|iPhone.ActiveCfg = Debug|Any CPU
		{08B3628F-3B24-4B9B-A854-1166E38EC5FF}.Debug|iPhone.Build.0 = Debug|Any CPU
		{08B3628F-3B24-4B9B-A854-1166E38EC5FF}.Debug|iPhoneSimulator.ActiveCfg = Debug|Any CPU
		{08B3628F-3B24-4B9B-A854-1166E38EC5FF}.Debug|iPhoneSimulator.Build.0 = Debug|Any CPU
		{08B3628F-3B24-4B9B-A854-1166E38EC5FF}.Debug|x64.ActiveCfg = Debug|Any CPU
		{08B3628F-3B24-4B9B-A854-1166E38EC5FF}.Debug|x64.Build.0 = Debug|Any CPU
		{08B3628F-3B24-4B9B-A854-1166E38EC5FF}.Debug|x86.ActiveCfg = Debug|Any CPU
		{08B3628F-3B24-4B9B-A854-1166E38EC5FF}.Debug|x86.Build.0 = Debug|Any CPU
		{08B3628F-3B24-4B9B-A854-1166E38EC5FF}.Release|Any CPU.ActiveCfg = Release|Any CPU
		{08B3628F-3B24-4B9B-A854-1166E38EC5FF}.Release|Any CPU.Build.0 = Release|Any CPU
		{08B3628F-3B24-4B9B-A854-1166E38EC5FF}.Release|ARM.ActiveCfg = Release|Any CPU
		{08B3628F-3B24-4B9B-A854-1166E38EC5FF}.Release|ARM.Build.0 = Release|Any CPU
		{08B3628F-3B24-4B9B-A854-1166E38EC5FF}.Release|ARM64.ActiveCfg = Release|Any CPU
		{08B3628F-3B24-4B9B-A854-1166E38EC5FF}.Release|ARM64.Build.0 = Release|Any CPU
		{08B3628F-3B24-4B9B-A854-1166E38EC5FF}.Release|iPhone.ActiveCfg = Release|Any CPU
		{08B3628F-3B24-4B9B-A854-1166E38EC5FF}.Release|iPhone.Build.0 = Release|Any CPU
		{08B3628F-3B24-4B9B-A854-1166E38EC5FF}.Release|iPhoneSimulator.ActiveCfg = Release|Any CPU
		{08B3628F-3B24-4B9B-A854-1166E38EC5FF}.Release|iPhoneSimulator.Build.0 = Release|Any CPU
		{08B3628F-3B24-4B9B-A854-1166E38EC5FF}.Release|x64.ActiveCfg = Release|Any CPU
		{08B3628F-3B24-4B9B-A854-1166E38EC5FF}.Release|x64.Build.0 = Release|Any CPU
		{08B3628F-3B24-4B9B-A854-1166E38EC5FF}.Release|x86.ActiveCfg = Release|Any CPU
		{08B3628F-3B24-4B9B-A854-1166E38EC5FF}.Release|x86.Build.0 = Release|Any CPU
		{069C2903-5C6D-46CD-967A-BC8F7A0ADBCD}.Ad-Hoc|Any CPU.ActiveCfg = Debug|Any CPU
		{069C2903-5C6D-46CD-967A-BC8F7A0ADBCD}.Ad-Hoc|Any CPU.Build.0 = Debug|Any CPU
		{069C2903-5C6D-46CD-967A-BC8F7A0ADBCD}.Ad-Hoc|Any CPU.Deploy.0 = Debug|Any CPU
		{069C2903-5C6D-46CD-967A-BC8F7A0ADBCD}.Ad-Hoc|ARM.ActiveCfg = Debug|Any CPU
		{069C2903-5C6D-46CD-967A-BC8F7A0ADBCD}.Ad-Hoc|ARM.Build.0 = Debug|Any CPU
		{069C2903-5C6D-46CD-967A-BC8F7A0ADBCD}.Ad-Hoc|ARM.Deploy.0 = Debug|Any CPU
		{069C2903-5C6D-46CD-967A-BC8F7A0ADBCD}.Ad-Hoc|ARM64.ActiveCfg = Debug|Any CPU
		{069C2903-5C6D-46CD-967A-BC8F7A0ADBCD}.Ad-Hoc|ARM64.Build.0 = Debug|Any CPU
		{069C2903-5C6D-46CD-967A-BC8F7A0ADBCD}.Ad-Hoc|ARM64.Deploy.0 = Debug|Any CPU
		{069C2903-5C6D-46CD-967A-BC8F7A0ADBCD}.Ad-Hoc|iPhone.ActiveCfg = Debug|Any CPU
		{069C2903-5C6D-46CD-967A-BC8F7A0ADBCD}.Ad-Hoc|iPhone.Build.0 = Debug|Any CPU
		{069C2903-5C6D-46CD-967A-BC8F7A0ADBCD}.Ad-Hoc|iPhone.Deploy.0 = Debug|Any CPU
		{069C2903-5C6D-46CD-967A-BC8F7A0ADBCD}.Ad-Hoc|iPhoneSimulator.ActiveCfg = Debug|Any CPU
		{069C2903-5C6D-46CD-967A-BC8F7A0ADBCD}.Ad-Hoc|iPhoneSimulator.Build.0 = Debug|Any CPU
		{069C2903-5C6D-46CD-967A-BC8F7A0ADBCD}.Ad-Hoc|iPhoneSimulator.Deploy.0 = Debug|Any CPU
		{069C2903-5C6D-46CD-967A-BC8F7A0ADBCD}.Ad-Hoc|x64.ActiveCfg = Debug|Any CPU
		{069C2903-5C6D-46CD-967A-BC8F7A0ADBCD}.Ad-Hoc|x64.Build.0 = Debug|Any CPU
		{069C2903-5C6D-46CD-967A-BC8F7A0ADBCD}.Ad-Hoc|x64.Deploy.0 = Debug|Any CPU
		{069C2903-5C6D-46CD-967A-BC8F7A0ADBCD}.Ad-Hoc|x86.ActiveCfg = Debug|Any CPU
		{069C2903-5C6D-46CD-967A-BC8F7A0ADBCD}.Ad-Hoc|x86.Build.0 = Debug|Any CPU
		{069C2903-5C6D-46CD-967A-BC8F7A0ADBCD}.Ad-Hoc|x86.Deploy.0 = Debug|Any CPU
		{069C2903-5C6D-46CD-967A-BC8F7A0ADBCD}.AppStore|Any CPU.ActiveCfg = Debug|Any CPU
		{069C2903-5C6D-46CD-967A-BC8F7A0ADBCD}.AppStore|Any CPU.Build.0 = Debug|Any CPU
		{069C2903-5C6D-46CD-967A-BC8F7A0ADBCD}.AppStore|Any CPU.Deploy.0 = Debug|Any CPU
		{069C2903-5C6D-46CD-967A-BC8F7A0ADBCD}.AppStore|ARM.ActiveCfg = Debug|Any CPU
		{069C2903-5C6D-46CD-967A-BC8F7A0ADBCD}.AppStore|ARM.Build.0 = Debug|Any CPU
		{069C2903-5C6D-46CD-967A-BC8F7A0ADBCD}.AppStore|ARM.Deploy.0 = Debug|Any CPU
		{069C2903-5C6D-46CD-967A-BC8F7A0ADBCD}.AppStore|ARM64.ActiveCfg = Debug|Any CPU
		{069C2903-5C6D-46CD-967A-BC8F7A0ADBCD}.AppStore|ARM64.Build.0 = Debug|Any CPU
		{069C2903-5C6D-46CD-967A-BC8F7A0ADBCD}.AppStore|ARM64.Deploy.0 = Debug|Any CPU
		{069C2903-5C6D-46CD-967A-BC8F7A0ADBCD}.AppStore|iPhone.ActiveCfg = Debug|Any CPU
		{069C2903-5C6D-46CD-967A-BC8F7A0ADBCD}.AppStore|iPhone.Build.0 = Debug|Any CPU
		{069C2903-5C6D-46CD-967A-BC8F7A0ADBCD}.AppStore|iPhone.Deploy.0 = Debug|Any CPU
		{069C2903-5C6D-46CD-967A-BC8F7A0ADBCD}.AppStore|iPhoneSimulator.ActiveCfg = Debug|Any CPU
		{069C2903-5C6D-46CD-967A-BC8F7A0ADBCD}.AppStore|iPhoneSimulator.Build.0 = Debug|Any CPU
		{069C2903-5C6D-46CD-967A-BC8F7A0ADBCD}.AppStore|iPhoneSimulator.Deploy.0 = Debug|Any CPU
		{069C2903-5C6D-46CD-967A-BC8F7A0ADBCD}.AppStore|x64.ActiveCfg = Debug|Any CPU
		{069C2903-5C6D-46CD-967A-BC8F7A0ADBCD}.AppStore|x64.Build.0 = Debug|Any CPU
		{069C2903-5C6D-46CD-967A-BC8F7A0ADBCD}.AppStore|x64.Deploy.0 = Debug|Any CPU
		{069C2903-5C6D-46CD-967A-BC8F7A0ADBCD}.AppStore|x86.ActiveCfg = Debug|Any CPU
		{069C2903-5C6D-46CD-967A-BC8F7A0ADBCD}.AppStore|x86.Build.0 = Debug|Any CPU
		{069C2903-5C6D-46CD-967A-BC8F7A0ADBCD}.AppStore|x86.Deploy.0 = Debug|Any CPU
		{069C2903-5C6D-46CD-967A-BC8F7A0ADBCD}.Debug|Any CPU.ActiveCfg = Debug|Any CPU
		{069C2903-5C6D-46CD-967A-BC8F7A0ADBCD}.Debug|Any CPU.Build.0 = Debug|Any CPU
		{069C2903-5C6D-46CD-967A-BC8F7A0ADBCD}.Debug|Any CPU.Deploy.0 = Debug|Any CPU
		{069C2903-5C6D-46CD-967A-BC8F7A0ADBCD}.Debug|ARM.ActiveCfg = Debug|Any CPU
		{069C2903-5C6D-46CD-967A-BC8F7A0ADBCD}.Debug|ARM.Build.0 = Debug|Any CPU
		{069C2903-5C6D-46CD-967A-BC8F7A0ADBCD}.Debug|ARM.Deploy.0 = Debug|Any CPU
		{069C2903-5C6D-46CD-967A-BC8F7A0ADBCD}.Debug|ARM64.ActiveCfg = Debug|Any CPU
		{069C2903-5C6D-46CD-967A-BC8F7A0ADBCD}.Debug|ARM64.Build.0 = Debug|Any CPU
		{069C2903-5C6D-46CD-967A-BC8F7A0ADBCD}.Debug|ARM64.Deploy.0 = Debug|Any CPU
		{069C2903-5C6D-46CD-967A-BC8F7A0ADBCD}.Debug|iPhone.ActiveCfg = Debug|Any CPU
		{069C2903-5C6D-46CD-967A-BC8F7A0ADBCD}.Debug|iPhone.Build.0 = Debug|Any CPU
		{069C2903-5C6D-46CD-967A-BC8F7A0ADBCD}.Debug|iPhone.Deploy.0 = Debug|Any CPU
		{069C2903-5C6D-46CD-967A-BC8F7A0ADBCD}.Debug|iPhoneSimulator.ActiveCfg = Debug|Any CPU
		{069C2903-5C6D-46CD-967A-BC8F7A0ADBCD}.Debug|iPhoneSimulator.Build.0 = Debug|Any CPU
		{069C2903-5C6D-46CD-967A-BC8F7A0ADBCD}.Debug|iPhoneSimulator.Deploy.0 = Debug|Any CPU
		{069C2903-5C6D-46CD-967A-BC8F7A0ADBCD}.Debug|x64.ActiveCfg = Debug|Any CPU
		{069C2903-5C6D-46CD-967A-BC8F7A0ADBCD}.Debug|x64.Build.0 = Debug|Any CPU
		{069C2903-5C6D-46CD-967A-BC8F7A0ADBCD}.Debug|x64.Deploy.0 = Debug|Any CPU
		{069C2903-5C6D-46CD-967A-BC8F7A0ADBCD}.Debug|x86.ActiveCfg = Debug|Any CPU
		{069C2903-5C6D-46CD-967A-BC8F7A0ADBCD}.Debug|x86.Build.0 = Debug|Any CPU
		{069C2903-5C6D-46CD-967A-BC8F7A0ADBCD}.Debug|x86.Deploy.0 = Debug|Any CPU
		{069C2903-5C6D-46CD-967A-BC8F7A0ADBCD}.Release|Any CPU.ActiveCfg = Release|Any CPU
		{069C2903-5C6D-46CD-967A-BC8F7A0ADBCD}.Release|Any CPU.Build.0 = Release|Any CPU
		{069C2903-5C6D-46CD-967A-BC8F7A0ADBCD}.Release|Any CPU.Deploy.0 = Release|Any CPU
		{069C2903-5C6D-46CD-967A-BC8F7A0ADBCD}.Release|ARM.ActiveCfg = Release|Any CPU
		{069C2903-5C6D-46CD-967A-BC8F7A0ADBCD}.Release|ARM.Build.0 = Release|Any CPU
		{069C2903-5C6D-46CD-967A-BC8F7A0ADBCD}.Release|ARM.Deploy.0 = Release|Any CPU
		{069C2903-5C6D-46CD-967A-BC8F7A0ADBCD}.Release|ARM64.ActiveCfg = Release|Any CPU
		{069C2903-5C6D-46CD-967A-BC8F7A0ADBCD}.Release|ARM64.Build.0 = Release|Any CPU
		{069C2903-5C6D-46CD-967A-BC8F7A0ADBCD}.Release|ARM64.Deploy.0 = Release|Any CPU
		{069C2903-5C6D-46CD-967A-BC8F7A0ADBCD}.Release|iPhone.ActiveCfg = Release|Any CPU
		{069C2903-5C6D-46CD-967A-BC8F7A0ADBCD}.Release|iPhone.Build.0 = Release|Any CPU
		{069C2903-5C6D-46CD-967A-BC8F7A0ADBCD}.Release|iPhone.Deploy.0 = Release|Any CPU
		{069C2903-5C6D-46CD-967A-BC8F7A0ADBCD}.Release|iPhoneSimulator.ActiveCfg = Release|Any CPU
		{069C2903-5C6D-46CD-967A-BC8F7A0ADBCD}.Release|iPhoneSimulator.Build.0 = Release|Any CPU
		{069C2903-5C6D-46CD-967A-BC8F7A0ADBCD}.Release|iPhoneSimulator.Deploy.0 = Release|Any CPU
		{069C2903-5C6D-46CD-967A-BC8F7A0ADBCD}.Release|x64.ActiveCfg = Release|Any CPU
		{069C2903-5C6D-46CD-967A-BC8F7A0ADBCD}.Release|x64.Build.0 = Release|Any CPU
		{069C2903-5C6D-46CD-967A-BC8F7A0ADBCD}.Release|x64.Deploy.0 = Release|Any CPU
		{069C2903-5C6D-46CD-967A-BC8F7A0ADBCD}.Release|x86.ActiveCfg = Release|Any CPU
		{069C2903-5C6D-46CD-967A-BC8F7A0ADBCD}.Release|x86.Build.0 = Release|Any CPU
		{069C2903-5C6D-46CD-967A-BC8F7A0ADBCD}.Release|x86.Deploy.0 = Release|Any CPU
		{7A5AA44F-7441-40C4-88E9-510056A5BC4A}.Ad-Hoc|Any CPU.ActiveCfg = Ad-Hoc|iPhoneSimulator
		{7A5AA44F-7441-40C4-88E9-510056A5BC4A}.Ad-Hoc|ARM.ActiveCfg = Ad-Hoc|iPhoneSimulator
		{7A5AA44F-7441-40C4-88E9-510056A5BC4A}.Ad-Hoc|ARM64.ActiveCfg = Ad-Hoc|iPhoneSimulator
		{7A5AA44F-7441-40C4-88E9-510056A5BC4A}.Ad-Hoc|iPhone.ActiveCfg = Ad-Hoc|iPhone
		{7A5AA44F-7441-40C4-88E9-510056A5BC4A}.Ad-Hoc|iPhone.Build.0 = Ad-Hoc|iPhone
		{7A5AA44F-7441-40C4-88E9-510056A5BC4A}.Ad-Hoc|iPhoneSimulator.ActiveCfg = Ad-Hoc|iPhoneSimulator
		{7A5AA44F-7441-40C4-88E9-510056A5BC4A}.Ad-Hoc|iPhoneSimulator.Build.0 = Ad-Hoc|iPhoneSimulator
		{7A5AA44F-7441-40C4-88E9-510056A5BC4A}.Ad-Hoc|x64.ActiveCfg = Ad-Hoc|iPhoneSimulator
		{7A5AA44F-7441-40C4-88E9-510056A5BC4A}.Ad-Hoc|x86.ActiveCfg = Ad-Hoc|iPhoneSimulator
		{7A5AA44F-7441-40C4-88E9-510056A5BC4A}.AppStore|Any CPU.ActiveCfg = AppStore|iPhoneSimulator
		{7A5AA44F-7441-40C4-88E9-510056A5BC4A}.AppStore|ARM.ActiveCfg = AppStore|iPhoneSimulator
		{7A5AA44F-7441-40C4-88E9-510056A5BC4A}.AppStore|ARM64.ActiveCfg = AppStore|iPhoneSimulator
		{7A5AA44F-7441-40C4-88E9-510056A5BC4A}.AppStore|iPhone.ActiveCfg = AppStore|iPhone
		{7A5AA44F-7441-40C4-88E9-510056A5BC4A}.AppStore|iPhone.Build.0 = AppStore|iPhone
		{7A5AA44F-7441-40C4-88E9-510056A5BC4A}.AppStore|iPhoneSimulator.ActiveCfg = AppStore|iPhoneSimulator
		{7A5AA44F-7441-40C4-88E9-510056A5BC4A}.AppStore|iPhoneSimulator.Build.0 = AppStore|iPhoneSimulator
		{7A5AA44F-7441-40C4-88E9-510056A5BC4A}.AppStore|x64.ActiveCfg = AppStore|iPhoneSimulator
		{7A5AA44F-7441-40C4-88E9-510056A5BC4A}.AppStore|x86.ActiveCfg = AppStore|iPhoneSimulator
		{7A5AA44F-7441-40C4-88E9-510056A5BC4A}.Debug|Any CPU.ActiveCfg = Debug|iPhoneSimulator
		{7A5AA44F-7441-40C4-88E9-510056A5BC4A}.Debug|ARM.ActiveCfg = Debug|iPhoneSimulator
		{7A5AA44F-7441-40C4-88E9-510056A5BC4A}.Debug|ARM64.ActiveCfg = Debug|iPhoneSimulator
		{7A5AA44F-7441-40C4-88E9-510056A5BC4A}.Debug|iPhone.ActiveCfg = Debug|iPhone
		{7A5AA44F-7441-40C4-88E9-510056A5BC4A}.Debug|iPhone.Build.0 = Debug|iPhone
		{7A5AA44F-7441-40C4-88E9-510056A5BC4A}.Debug|iPhoneSimulator.ActiveCfg = Debug|iPhoneSimulator
		{7A5AA44F-7441-40C4-88E9-510056A5BC4A}.Debug|iPhoneSimulator.Build.0 = Debug|iPhoneSimulator
		{7A5AA44F-7441-40C4-88E9-510056A5BC4A}.Debug|x64.ActiveCfg = Debug|iPhoneSimulator
		{7A5AA44F-7441-40C4-88E9-510056A5BC4A}.Debug|x86.ActiveCfg = Debug|iPhoneSimulator
		{7A5AA44F-7441-40C4-88E9-510056A5BC4A}.Release|Any CPU.ActiveCfg = Release|iPhoneSimulator
		{7A5AA44F-7441-40C4-88E9-510056A5BC4A}.Release|ARM.ActiveCfg = Release|iPhoneSimulator
		{7A5AA44F-7441-40C4-88E9-510056A5BC4A}.Release|ARM64.ActiveCfg = Release|iPhoneSimulator
		{7A5AA44F-7441-40C4-88E9-510056A5BC4A}.Release|iPhone.ActiveCfg = Release|iPhone
		{7A5AA44F-7441-40C4-88E9-510056A5BC4A}.Release|iPhone.Build.0 = Release|iPhone
		{7A5AA44F-7441-40C4-88E9-510056A5BC4A}.Release|iPhoneSimulator.ActiveCfg = Release|iPhoneSimulator
		{7A5AA44F-7441-40C4-88E9-510056A5BC4A}.Release|iPhoneSimulator.Build.0 = Release|iPhoneSimulator
		{7A5AA44F-7441-40C4-88E9-510056A5BC4A}.Release|x64.ActiveCfg = Release|iPhoneSimulator
		{7A5AA44F-7441-40C4-88E9-510056A5BC4A}.Release|x86.ActiveCfg = Release|iPhoneSimulator
		{2DD4206B-631D-4A60-8A2D-1566D641D4E0}.Ad-Hoc|Any CPU.ActiveCfg = Debug|x86
		{2DD4206B-631D-4A60-8A2D-1566D641D4E0}.Ad-Hoc|Any CPU.Build.0 = Debug|x86
		{2DD4206B-631D-4A60-8A2D-1566D641D4E0}.Ad-Hoc|Any CPU.Deploy.0 = Debug|x86
		{2DD4206B-631D-4A60-8A2D-1566D641D4E0}.Ad-Hoc|ARM.ActiveCfg = Debug|ARM
		{2DD4206B-631D-4A60-8A2D-1566D641D4E0}.Ad-Hoc|ARM.Build.0 = Debug|ARM
		{2DD4206B-631D-4A60-8A2D-1566D641D4E0}.Ad-Hoc|ARM.Deploy.0 = Debug|ARM
		{2DD4206B-631D-4A60-8A2D-1566D641D4E0}.Ad-Hoc|ARM64.ActiveCfg = Debug|ARM64
		{2DD4206B-631D-4A60-8A2D-1566D641D4E0}.Ad-Hoc|ARM64.Build.0 = Debug|ARM64
		{2DD4206B-631D-4A60-8A2D-1566D641D4E0}.Ad-Hoc|ARM64.Deploy.0 = Debug|ARM64
		{2DD4206B-631D-4A60-8A2D-1566D641D4E0}.Ad-Hoc|iPhone.ActiveCfg = Debug|x86
		{2DD4206B-631D-4A60-8A2D-1566D641D4E0}.Ad-Hoc|iPhone.Build.0 = Debug|x86
		{2DD4206B-631D-4A60-8A2D-1566D641D4E0}.Ad-Hoc|iPhone.Deploy.0 = Debug|x86
		{2DD4206B-631D-4A60-8A2D-1566D641D4E0}.Ad-Hoc|iPhoneSimulator.ActiveCfg = Debug|x86
		{2DD4206B-631D-4A60-8A2D-1566D641D4E0}.Ad-Hoc|iPhoneSimulator.Build.0 = Debug|x86
		{2DD4206B-631D-4A60-8A2D-1566D641D4E0}.Ad-Hoc|iPhoneSimulator.Deploy.0 = Debug|x86
		{2DD4206B-631D-4A60-8A2D-1566D641D4E0}.Ad-Hoc|x64.ActiveCfg = Debug|x64
		{2DD4206B-631D-4A60-8A2D-1566D641D4E0}.Ad-Hoc|x64.Build.0 = Debug|x64
		{2DD4206B-631D-4A60-8A2D-1566D641D4E0}.Ad-Hoc|x64.Deploy.0 = Debug|x64
		{2DD4206B-631D-4A60-8A2D-1566D641D4E0}.Ad-Hoc|x86.ActiveCfg = Debug|x86
		{2DD4206B-631D-4A60-8A2D-1566D641D4E0}.Ad-Hoc|x86.Build.0 = Debug|x86
		{2DD4206B-631D-4A60-8A2D-1566D641D4E0}.Ad-Hoc|x86.Deploy.0 = Debug|x86
		{2DD4206B-631D-4A60-8A2D-1566D641D4E0}.AppStore|Any CPU.ActiveCfg = Debug|x86
		{2DD4206B-631D-4A60-8A2D-1566D641D4E0}.AppStore|Any CPU.Build.0 = Debug|x86
		{2DD4206B-631D-4A60-8A2D-1566D641D4E0}.AppStore|Any CPU.Deploy.0 = Debug|x86
		{2DD4206B-631D-4A60-8A2D-1566D641D4E0}.AppStore|ARM.ActiveCfg = Debug|ARM
		{2DD4206B-631D-4A60-8A2D-1566D641D4E0}.AppStore|ARM.Build.0 = Debug|ARM
		{2DD4206B-631D-4A60-8A2D-1566D641D4E0}.AppStore|ARM.Deploy.0 = Debug|ARM
		{2DD4206B-631D-4A60-8A2D-1566D641D4E0}.AppStore|ARM64.ActiveCfg = Debug|ARM64
		{2DD4206B-631D-4A60-8A2D-1566D641D4E0}.AppStore|ARM64.Build.0 = Debug|ARM64
		{2DD4206B-631D-4A60-8A2D-1566D641D4E0}.AppStore|ARM64.Deploy.0 = Debug|ARM64
		{2DD4206B-631D-4A60-8A2D-1566D641D4E0}.AppStore|iPhone.ActiveCfg = Debug|x86
		{2DD4206B-631D-4A60-8A2D-1566D641D4E0}.AppStore|iPhone.Build.0 = Debug|x86
		{2DD4206B-631D-4A60-8A2D-1566D641D4E0}.AppStore|iPhone.Deploy.0 = Debug|x86
		{2DD4206B-631D-4A60-8A2D-1566D641D4E0}.AppStore|iPhoneSimulator.ActiveCfg = Debug|x86
		{2DD4206B-631D-4A60-8A2D-1566D641D4E0}.AppStore|iPhoneSimulator.Build.0 = Debug|x86
		{2DD4206B-631D-4A60-8A2D-1566D641D4E0}.AppStore|iPhoneSimulator.Deploy.0 = Debug|x86
		{2DD4206B-631D-4A60-8A2D-1566D641D4E0}.AppStore|x64.ActiveCfg = Debug|x64
		{2DD4206B-631D-4A60-8A2D-1566D641D4E0}.AppStore|x64.Build.0 = Debug|x64
		{2DD4206B-631D-4A60-8A2D-1566D641D4E0}.AppStore|x64.Deploy.0 = Debug|x64
		{2DD4206B-631D-4A60-8A2D-1566D641D4E0}.AppStore|x86.ActiveCfg = Debug|x86
		{2DD4206B-631D-4A60-8A2D-1566D641D4E0}.AppStore|x86.Build.0 = Debug|x86
		{2DD4206B-631D-4A60-8A2D-1566D641D4E0}.AppStore|x86.Deploy.0 = Debug|x86
		{2DD4206B-631D-4A60-8A2D-1566D641D4E0}.Debug|Any CPU.ActiveCfg = Debug|x86
		{2DD4206B-631D-4A60-8A2D-1566D641D4E0}.Debug|ARM.ActiveCfg = Debug|ARM
		{2DD4206B-631D-4A60-8A2D-1566D641D4E0}.Debug|ARM.Build.0 = Debug|ARM
		{2DD4206B-631D-4A60-8A2D-1566D641D4E0}.Debug|ARM.Deploy.0 = Debug|ARM
		{2DD4206B-631D-4A60-8A2D-1566D641D4E0}.Debug|ARM64.ActiveCfg = Debug|ARM64
		{2DD4206B-631D-4A60-8A2D-1566D641D4E0}.Debug|ARM64.Build.0 = Debug|ARM64
		{2DD4206B-631D-4A60-8A2D-1566D641D4E0}.Debug|ARM64.Deploy.0 = Debug|ARM64
		{2DD4206B-631D-4A60-8A2D-1566D641D4E0}.Debug|iPhone.ActiveCfg = Debug|x86
		{2DD4206B-631D-4A60-8A2D-1566D641D4E0}.Debug|iPhoneSimulator.ActiveCfg = Debug|x86
		{2DD4206B-631D-4A60-8A2D-1566D641D4E0}.Debug|x64.ActiveCfg = Debug|x64
		{2DD4206B-631D-4A60-8A2D-1566D641D4E0}.Debug|x64.Build.0 = Debug|x64
		{2DD4206B-631D-4A60-8A2D-1566D641D4E0}.Debug|x64.Deploy.0 = Debug|x64
		{2DD4206B-631D-4A60-8A2D-1566D641D4E0}.Debug|x86.ActiveCfg = Debug|x86
		{2DD4206B-631D-4A60-8A2D-1566D641D4E0}.Debug|x86.Build.0 = Debug|x86
		{2DD4206B-631D-4A60-8A2D-1566D641D4E0}.Debug|x86.Deploy.0 = Debug|x86
		{2DD4206B-631D-4A60-8A2D-1566D641D4E0}.Release|Any CPU.ActiveCfg = Release|x86
		{2DD4206B-631D-4A60-8A2D-1566D641D4E0}.Release|ARM.ActiveCfg = Release|ARM
		{2DD4206B-631D-4A60-8A2D-1566D641D4E0}.Release|ARM.Build.0 = Release|ARM
		{2DD4206B-631D-4A60-8A2D-1566D641D4E0}.Release|ARM.Deploy.0 = Release|ARM
		{2DD4206B-631D-4A60-8A2D-1566D641D4E0}.Release|ARM64.ActiveCfg = Release|ARM64
		{2DD4206B-631D-4A60-8A2D-1566D641D4E0}.Release|ARM64.Build.0 = Release|ARM64
		{2DD4206B-631D-4A60-8A2D-1566D641D4E0}.Release|ARM64.Deploy.0 = Release|ARM64
		{2DD4206B-631D-4A60-8A2D-1566D641D4E0}.Release|iPhone.ActiveCfg = Release|x86
		{2DD4206B-631D-4A60-8A2D-1566D641D4E0}.Release|iPhoneSimulator.ActiveCfg = Release|x86
		{2DD4206B-631D-4A60-8A2D-1566D641D4E0}.Release|x64.ActiveCfg = Release|x64
		{2DD4206B-631D-4A60-8A2D-1566D641D4E0}.Release|x64.Build.0 = Release|x64
		{2DD4206B-631D-4A60-8A2D-1566D641D4E0}.Release|x64.Deploy.0 = Release|x64
		{2DD4206B-631D-4A60-8A2D-1566D641D4E0}.Release|x86.ActiveCfg = Release|x86
		{2DD4206B-631D-4A60-8A2D-1566D641D4E0}.Release|x86.Build.0 = Release|x86
		{2DD4206B-631D-4A60-8A2D-1566D641D4E0}.Release|x86.Deploy.0 = Release|x86
		{EA03ADAF-7C65-4356-B106-82A74B81FCF8}.Ad-Hoc|Any CPU.ActiveCfg = Release|Any CPU
		{EA03ADAF-7C65-4356-B106-82A74B81FCF8}.Ad-Hoc|Any CPU.Build.0 = Release|Any CPU
		{EA03ADAF-7C65-4356-B106-82A74B81FCF8}.Ad-Hoc|ARM.ActiveCfg = Release|Any CPU
		{EA03ADAF-7C65-4356-B106-82A74B81FCF8}.Ad-Hoc|ARM.Build.0 = Release|Any CPU
		{EA03ADAF-7C65-4356-B106-82A74B81FCF8}.Ad-Hoc|ARM64.ActiveCfg = Release|Any CPU
		{EA03ADAF-7C65-4356-B106-82A74B81FCF8}.Ad-Hoc|ARM64.Build.0 = Release|Any CPU
		{EA03ADAF-7C65-4356-B106-82A74B81FCF8}.Ad-Hoc|iPhone.ActiveCfg = Release|Any CPU
		{EA03ADAF-7C65-4356-B106-82A74B81FCF8}.Ad-Hoc|iPhone.Build.0 = Release|Any CPU
		{EA03ADAF-7C65-4356-B106-82A74B81FCF8}.Ad-Hoc|iPhoneSimulator.ActiveCfg = Release|Any CPU
		{EA03ADAF-7C65-4356-B106-82A74B81FCF8}.Ad-Hoc|iPhoneSimulator.Build.0 = Release|Any CPU
		{EA03ADAF-7C65-4356-B106-82A74B81FCF8}.Ad-Hoc|x64.ActiveCfg = Release|Any CPU
		{EA03ADAF-7C65-4356-B106-82A74B81FCF8}.Ad-Hoc|x64.Build.0 = Release|Any CPU
		{EA03ADAF-7C65-4356-B106-82A74B81FCF8}.Ad-Hoc|x86.ActiveCfg = Release|Any CPU
		{EA03ADAF-7C65-4356-B106-82A74B81FCF8}.Ad-Hoc|x86.Build.0 = Release|Any CPU
		{EA03ADAF-7C65-4356-B106-82A74B81FCF8}.AppStore|Any CPU.ActiveCfg = Release|Any CPU
		{EA03ADAF-7C65-4356-B106-82A74B81FCF8}.AppStore|Any CPU.Build.0 = Release|Any CPU
		{EA03ADAF-7C65-4356-B106-82A74B81FCF8}.AppStore|ARM.ActiveCfg = Release|Any CPU
		{EA03ADAF-7C65-4356-B106-82A74B81FCF8}.AppStore|ARM.Build.0 = Release|Any CPU
		{EA03ADAF-7C65-4356-B106-82A74B81FCF8}.AppStore|ARM64.ActiveCfg = Release|Any CPU
		{EA03ADAF-7C65-4356-B106-82A74B81FCF8}.AppStore|ARM64.Build.0 = Release|Any CPU
		{EA03ADAF-7C65-4356-B106-82A74B81FCF8}.AppStore|iPhone.ActiveCfg = Release|Any CPU
		{EA03ADAF-7C65-4356-B106-82A74B81FCF8}.AppStore|iPhone.Build.0 = Release|Any CPU
		{EA03ADAF-7C65-4356-B106-82A74B81FCF8}.AppStore|iPhoneSimulator.ActiveCfg = Release|Any CPU
		{EA03ADAF-7C65-4356-B106-82A74B81FCF8}.AppStore|iPhoneSimulator.Build.0 = Release|Any CPU
		{EA03ADAF-7C65-4356-B106-82A74B81FCF8}.AppStore|x64.ActiveCfg = Release|Any CPU
		{EA03ADAF-7C65-4356-B106-82A74B81FCF8}.AppStore|x64.Build.0 = Release|Any CPU
		{EA03ADAF-7C65-4356-B106-82A74B81FCF8}.AppStore|x86.ActiveCfg = Release|Any CPU
		{EA03ADAF-7C65-4356-B106-82A74B81FCF8}.AppStore|x86.Build.0 = Release|Any CPU
		{EA03ADAF-7C65-4356-B106-82A74B81FCF8}.Debug|Any CPU.ActiveCfg = Debug|Any CPU
		{EA03ADAF-7C65-4356-B106-82A74B81FCF8}.Debug|Any CPU.Build.0 = Debug|Any CPU
		{EA03ADAF-7C65-4356-B106-82A74B81FCF8}.Debug|ARM.ActiveCfg = Debug|Any CPU
		{EA03ADAF-7C65-4356-B106-82A74B81FCF8}.Debug|ARM.Build.0 = Debug|Any CPU
		{EA03ADAF-7C65-4356-B106-82A74B81FCF8}.Debug|ARM64.ActiveCfg = Debug|Any CPU
		{EA03ADAF-7C65-4356-B106-82A74B81FCF8}.Debug|ARM64.Build.0 = Debug|Any CPU
		{EA03ADAF-7C65-4356-B106-82A74B81FCF8}.Debug|iPhone.ActiveCfg = Debug|Any CPU
		{EA03ADAF-7C65-4356-B106-82A74B81FCF8}.Debug|iPhone.Build.0 = Debug|Any CPU
		{EA03ADAF-7C65-4356-B106-82A74B81FCF8}.Debug|iPhoneSimulator.ActiveCfg = Debug|Any CPU
		{EA03ADAF-7C65-4356-B106-82A74B81FCF8}.Debug|iPhoneSimulator.Build.0 = Debug|Any CPU
		{EA03ADAF-7C65-4356-B106-82A74B81FCF8}.Debug|x64.ActiveCfg = Debug|Any CPU
		{EA03ADAF-7C65-4356-B106-82A74B81FCF8}.Debug|x64.Build.0 = Debug|Any CPU
		{EA03ADAF-7C65-4356-B106-82A74B81FCF8}.Debug|x86.ActiveCfg = Debug|Any CPU
		{EA03ADAF-7C65-4356-B106-82A74B81FCF8}.Debug|x86.Build.0 = Debug|Any CPU
		{EA03ADAF-7C65-4356-B106-82A74B81FCF8}.Release|Any CPU.ActiveCfg = Release|Any CPU
		{EA03ADAF-7C65-4356-B106-82A74B81FCF8}.Release|Any CPU.Build.0 = Release|Any CPU
		{EA03ADAF-7C65-4356-B106-82A74B81FCF8}.Release|ARM.ActiveCfg = Release|Any CPU
		{EA03ADAF-7C65-4356-B106-82A74B81FCF8}.Release|ARM.Build.0 = Release|Any CPU
		{EA03ADAF-7C65-4356-B106-82A74B81FCF8}.Release|ARM64.ActiveCfg = Release|Any CPU
		{EA03ADAF-7C65-4356-B106-82A74B81FCF8}.Release|ARM64.Build.0 = Release|Any CPU
		{EA03ADAF-7C65-4356-B106-82A74B81FCF8}.Release|iPhone.ActiveCfg = Release|Any CPU
		{EA03ADAF-7C65-4356-B106-82A74B81FCF8}.Release|iPhone.Build.0 = Release|Any CPU
		{EA03ADAF-7C65-4356-B106-82A74B81FCF8}.Release|iPhoneSimulator.ActiveCfg = Release|Any CPU
		{EA03ADAF-7C65-4356-B106-82A74B81FCF8}.Release|iPhoneSimulator.Build.0 = Release|Any CPU
		{EA03ADAF-7C65-4356-B106-82A74B81FCF8}.Release|x64.ActiveCfg = Release|Any CPU
		{EA03ADAF-7C65-4356-B106-82A74B81FCF8}.Release|x64.Build.0 = Release|Any CPU
		{EA03ADAF-7C65-4356-B106-82A74B81FCF8}.Release|x86.ActiveCfg = Release|Any CPU
		{EA03ADAF-7C65-4356-B106-82A74B81FCF8}.Release|x86.Build.0 = Release|Any CPU
		{DCDF5C4D-F4C9-4D3A-86E5-71D31C52F464}.Ad-Hoc|Any CPU.ActiveCfg = Debug|iPhoneSimulator
		{DCDF5C4D-F4C9-4D3A-86E5-71D31C52F464}.Ad-Hoc|Any CPU.Build.0 = Debug|iPhoneSimulator
		{DCDF5C4D-F4C9-4D3A-86E5-71D31C52F464}.Ad-Hoc|ARM.ActiveCfg = Debug|iPhoneSimulator
		{DCDF5C4D-F4C9-4D3A-86E5-71D31C52F464}.Ad-Hoc|ARM.Build.0 = Debug|iPhoneSimulator
		{DCDF5C4D-F4C9-4D3A-86E5-71D31C52F464}.Ad-Hoc|ARM64.ActiveCfg = Debug|iPhoneSimulator
		{DCDF5C4D-F4C9-4D3A-86E5-71D31C52F464}.Ad-Hoc|ARM64.Build.0 = Debug|iPhoneSimulator
		{DCDF5C4D-F4C9-4D3A-86E5-71D31C52F464}.Ad-Hoc|iPhone.ActiveCfg = Debug|iPhoneSimulator
		{DCDF5C4D-F4C9-4D3A-86E5-71D31C52F464}.Ad-Hoc|iPhone.Build.0 = Debug|iPhoneSimulator
		{DCDF5C4D-F4C9-4D3A-86E5-71D31C52F464}.Ad-Hoc|iPhoneSimulator.ActiveCfg = Debug|iPhoneSimulator
		{DCDF5C4D-F4C9-4D3A-86E5-71D31C52F464}.Ad-Hoc|iPhoneSimulator.Build.0 = Debug|iPhoneSimulator
		{DCDF5C4D-F4C9-4D3A-86E5-71D31C52F464}.Ad-Hoc|x64.ActiveCfg = Debug|iPhoneSimulator
		{DCDF5C4D-F4C9-4D3A-86E5-71D31C52F464}.Ad-Hoc|x64.Build.0 = Debug|iPhoneSimulator
		{DCDF5C4D-F4C9-4D3A-86E5-71D31C52F464}.Ad-Hoc|x86.ActiveCfg = Debug|iPhoneSimulator
		{DCDF5C4D-F4C9-4D3A-86E5-71D31C52F464}.Ad-Hoc|x86.Build.0 = Debug|iPhoneSimulator
		{DCDF5C4D-F4C9-4D3A-86E5-71D31C52F464}.AppStore|Any CPU.ActiveCfg = Debug|iPhoneSimulator
		{DCDF5C4D-F4C9-4D3A-86E5-71D31C52F464}.AppStore|Any CPU.Build.0 = Debug|iPhoneSimulator
		{DCDF5C4D-F4C9-4D3A-86E5-71D31C52F464}.AppStore|ARM.ActiveCfg = Debug|iPhoneSimulator
		{DCDF5C4D-F4C9-4D3A-86E5-71D31C52F464}.AppStore|ARM.Build.0 = Debug|iPhoneSimulator
		{DCDF5C4D-F4C9-4D3A-86E5-71D31C52F464}.AppStore|ARM64.ActiveCfg = Debug|iPhoneSimulator
		{DCDF5C4D-F4C9-4D3A-86E5-71D31C52F464}.AppStore|ARM64.Build.0 = Debug|iPhoneSimulator
		{DCDF5C4D-F4C9-4D3A-86E5-71D31C52F464}.AppStore|iPhone.ActiveCfg = Debug|iPhoneSimulator
		{DCDF5C4D-F4C9-4D3A-86E5-71D31C52F464}.AppStore|iPhone.Build.0 = Debug|iPhoneSimulator
		{DCDF5C4D-F4C9-4D3A-86E5-71D31C52F464}.AppStore|iPhoneSimulator.ActiveCfg = Debug|iPhoneSimulator
		{DCDF5C4D-F4C9-4D3A-86E5-71D31C52F464}.AppStore|iPhoneSimulator.Build.0 = Debug|iPhoneSimulator
		{DCDF5C4D-F4C9-4D3A-86E5-71D31C52F464}.AppStore|x64.ActiveCfg = Debug|iPhoneSimulator
		{DCDF5C4D-F4C9-4D3A-86E5-71D31C52F464}.AppStore|x64.Build.0 = Debug|iPhoneSimulator
		{DCDF5C4D-F4C9-4D3A-86E5-71D31C52F464}.AppStore|x86.ActiveCfg = Debug|iPhoneSimulator
		{DCDF5C4D-F4C9-4D3A-86E5-71D31C52F464}.AppStore|x86.Build.0 = Debug|iPhoneSimulator
		{DCDF5C4D-F4C9-4D3A-86E5-71D31C52F464}.Debug|Any CPU.ActiveCfg = Debug|iPhoneSimulator
		{DCDF5C4D-F4C9-4D3A-86E5-71D31C52F464}.Debug|ARM.ActiveCfg = Debug|iPhoneSimulator
		{DCDF5C4D-F4C9-4D3A-86E5-71D31C52F464}.Debug|ARM64.ActiveCfg = Debug|iPhoneSimulator
		{DCDF5C4D-F4C9-4D3A-86E5-71D31C52F464}.Debug|iPhone.ActiveCfg = Debug|iPhoneSimulator
		{DCDF5C4D-F4C9-4D3A-86E5-71D31C52F464}.Debug|iPhoneSimulator.ActiveCfg = Debug|iPhoneSimulator
		{DCDF5C4D-F4C9-4D3A-86E5-71D31C52F464}.Debug|iPhoneSimulator.Build.0 = Debug|iPhoneSimulator
		{DCDF5C4D-F4C9-4D3A-86E5-71D31C52F464}.Debug|x64.ActiveCfg = Debug|iPhoneSimulator
		{DCDF5C4D-F4C9-4D3A-86E5-71D31C52F464}.Debug|x86.ActiveCfg = Debug|iPhoneSimulator
		{DCDF5C4D-F4C9-4D3A-86E5-71D31C52F464}.Release|Any CPU.ActiveCfg = Release|iPhoneSimulator
		{DCDF5C4D-F4C9-4D3A-86E5-71D31C52F464}.Release|ARM.ActiveCfg = Release|iPhoneSimulator
		{DCDF5C4D-F4C9-4D3A-86E5-71D31C52F464}.Release|ARM64.ActiveCfg = Release|iPhoneSimulator
		{DCDF5C4D-F4C9-4D3A-86E5-71D31C52F464}.Release|iPhone.ActiveCfg = Release|iPhoneSimulator
		{DCDF5C4D-F4C9-4D3A-86E5-71D31C52F464}.Release|iPhoneSimulator.ActiveCfg = Release|iPhoneSimulator
		{DCDF5C4D-F4C9-4D3A-86E5-71D31C52F464}.Release|iPhoneSimulator.Build.0 = Release|iPhoneSimulator
		{DCDF5C4D-F4C9-4D3A-86E5-71D31C52F464}.Release|x64.ActiveCfg = Release|iPhoneSimulator
		{DCDF5C4D-F4C9-4D3A-86E5-71D31C52F464}.Release|x86.ActiveCfg = Release|iPhoneSimulator
		{CCE9CEA9-3494-44E9-BFFC-976D1DC19FB8}.Ad-Hoc|Any CPU.ActiveCfg = Release|Any CPU
		{CCE9CEA9-3494-44E9-BFFC-976D1DC19FB8}.Ad-Hoc|Any CPU.Build.0 = Release|Any CPU
		{CCE9CEA9-3494-44E9-BFFC-976D1DC19FB8}.Ad-Hoc|ARM.ActiveCfg = Release|Any CPU
		{CCE9CEA9-3494-44E9-BFFC-976D1DC19FB8}.Ad-Hoc|ARM.Build.0 = Release|Any CPU
		{CCE9CEA9-3494-44E9-BFFC-976D1DC19FB8}.Ad-Hoc|ARM64.ActiveCfg = Release|Any CPU
		{CCE9CEA9-3494-44E9-BFFC-976D1DC19FB8}.Ad-Hoc|ARM64.Build.0 = Release|Any CPU
		{CCE9CEA9-3494-44E9-BFFC-976D1DC19FB8}.Ad-Hoc|iPhone.ActiveCfg = Release|Any CPU
		{CCE9CEA9-3494-44E9-BFFC-976D1DC19FB8}.Ad-Hoc|iPhone.Build.0 = Release|Any CPU
		{CCE9CEA9-3494-44E9-BFFC-976D1DC19FB8}.Ad-Hoc|iPhoneSimulator.ActiveCfg = Release|Any CPU
		{CCE9CEA9-3494-44E9-BFFC-976D1DC19FB8}.Ad-Hoc|iPhoneSimulator.Build.0 = Release|Any CPU
		{CCE9CEA9-3494-44E9-BFFC-976D1DC19FB8}.Ad-Hoc|x64.ActiveCfg = Release|Any CPU
		{CCE9CEA9-3494-44E9-BFFC-976D1DC19FB8}.Ad-Hoc|x64.Build.0 = Release|Any CPU
		{CCE9CEA9-3494-44E9-BFFC-976D1DC19FB8}.Ad-Hoc|x86.ActiveCfg = Release|Any CPU
		{CCE9CEA9-3494-44E9-BFFC-976D1DC19FB8}.Ad-Hoc|x86.Build.0 = Release|Any CPU
		{CCE9CEA9-3494-44E9-BFFC-976D1DC19FB8}.AppStore|Any CPU.ActiveCfg = Release|Any CPU
		{CCE9CEA9-3494-44E9-BFFC-976D1DC19FB8}.AppStore|Any CPU.Build.0 = Release|Any CPU
		{CCE9CEA9-3494-44E9-BFFC-976D1DC19FB8}.AppStore|ARM.ActiveCfg = Release|Any CPU
		{CCE9CEA9-3494-44E9-BFFC-976D1DC19FB8}.AppStore|ARM.Build.0 = Release|Any CPU
		{CCE9CEA9-3494-44E9-BFFC-976D1DC19FB8}.AppStore|ARM64.ActiveCfg = Release|Any CPU
		{CCE9CEA9-3494-44E9-BFFC-976D1DC19FB8}.AppStore|ARM64.Build.0 = Release|Any CPU
		{CCE9CEA9-3494-44E9-BFFC-976D1DC19FB8}.AppStore|iPhone.ActiveCfg = Release|Any CPU
		{CCE9CEA9-3494-44E9-BFFC-976D1DC19FB8}.AppStore|iPhone.Build.0 = Release|Any CPU
		{CCE9CEA9-3494-44E9-BFFC-976D1DC19FB8}.AppStore|iPhoneSimulator.ActiveCfg = Release|Any CPU
		{CCE9CEA9-3494-44E9-BFFC-976D1DC19FB8}.AppStore|iPhoneSimulator.Build.0 = Release|Any CPU
		{CCE9CEA9-3494-44E9-BFFC-976D1DC19FB8}.AppStore|x64.ActiveCfg = Release|Any CPU
		{CCE9CEA9-3494-44E9-BFFC-976D1DC19FB8}.AppStore|x64.Build.0 = Release|Any CPU
		{CCE9CEA9-3494-44E9-BFFC-976D1DC19FB8}.AppStore|x86.ActiveCfg = Release|Any CPU
		{CCE9CEA9-3494-44E9-BFFC-976D1DC19FB8}.AppStore|x86.Build.0 = Release|Any CPU
		{CCE9CEA9-3494-44E9-BFFC-976D1DC19FB8}.Debug|Any CPU.ActiveCfg = Debug|Any CPU
		{CCE9CEA9-3494-44E9-BFFC-976D1DC19FB8}.Debug|Any CPU.Build.0 = Debug|Any CPU
		{CCE9CEA9-3494-44E9-BFFC-976D1DC19FB8}.Debug|ARM.ActiveCfg = Debug|Any CPU
		{CCE9CEA9-3494-44E9-BFFC-976D1DC19FB8}.Debug|ARM.Build.0 = Debug|Any CPU
		{CCE9CEA9-3494-44E9-BFFC-976D1DC19FB8}.Debug|ARM64.ActiveCfg = Debug|Any CPU
		{CCE9CEA9-3494-44E9-BFFC-976D1DC19FB8}.Debug|ARM64.Build.0 = Debug|Any CPU
		{CCE9CEA9-3494-44E9-BFFC-976D1DC19FB8}.Debug|iPhone.ActiveCfg = Debug|Any CPU
		{CCE9CEA9-3494-44E9-BFFC-976D1DC19FB8}.Debug|iPhone.Build.0 = Debug|Any CPU
		{CCE9CEA9-3494-44E9-BFFC-976D1DC19FB8}.Debug|iPhoneSimulator.ActiveCfg = Debug|Any CPU
		{CCE9CEA9-3494-44E9-BFFC-976D1DC19FB8}.Debug|iPhoneSimulator.Build.0 = Debug|Any CPU
		{CCE9CEA9-3494-44E9-BFFC-976D1DC19FB8}.Debug|x64.ActiveCfg = Debug|Any CPU
		{CCE9CEA9-3494-44E9-BFFC-976D1DC19FB8}.Debug|x64.Build.0 = Debug|Any CPU
		{CCE9CEA9-3494-44E9-BFFC-976D1DC19FB8}.Debug|x86.ActiveCfg = Debug|Any CPU
		{CCE9CEA9-3494-44E9-BFFC-976D1DC19FB8}.Debug|x86.Build.0 = Debug|Any CPU
		{CCE9CEA9-3494-44E9-BFFC-976D1DC19FB8}.Release|Any CPU.ActiveCfg = Release|Any CPU
		{CCE9CEA9-3494-44E9-BFFC-976D1DC19FB8}.Release|Any CPU.Build.0 = Release|Any CPU
		{CCE9CEA9-3494-44E9-BFFC-976D1DC19FB8}.Release|ARM.ActiveCfg = Release|Any CPU
		{CCE9CEA9-3494-44E9-BFFC-976D1DC19FB8}.Release|ARM.Build.0 = Release|Any CPU
		{CCE9CEA9-3494-44E9-BFFC-976D1DC19FB8}.Release|ARM64.ActiveCfg = Release|Any CPU
		{CCE9CEA9-3494-44E9-BFFC-976D1DC19FB8}.Release|ARM64.Build.0 = Release|Any CPU
		{CCE9CEA9-3494-44E9-BFFC-976D1DC19FB8}.Release|iPhone.ActiveCfg = Release|Any CPU
		{CCE9CEA9-3494-44E9-BFFC-976D1DC19FB8}.Release|iPhone.Build.0 = Release|Any CPU
		{CCE9CEA9-3494-44E9-BFFC-976D1DC19FB8}.Release|iPhoneSimulator.ActiveCfg = Release|Any CPU
		{CCE9CEA9-3494-44E9-BFFC-976D1DC19FB8}.Release|iPhoneSimulator.Build.0 = Release|Any CPU
		{CCE9CEA9-3494-44E9-BFFC-976D1DC19FB8}.Release|x64.ActiveCfg = Release|Any CPU
		{CCE9CEA9-3494-44E9-BFFC-976D1DC19FB8}.Release|x64.Build.0 = Release|Any CPU
		{CCE9CEA9-3494-44E9-BFFC-976D1DC19FB8}.Release|x86.ActiveCfg = Release|Any CPU
		{CCE9CEA9-3494-44E9-BFFC-976D1DC19FB8}.Release|x86.Build.0 = Release|Any CPU
		{AFCB9B9F-69DB-4770-B835-8C3E2CD117E4}.Ad-Hoc|Any CPU.ActiveCfg = Release|Any CPU
		{AFCB9B9F-69DB-4770-B835-8C3E2CD117E4}.Ad-Hoc|Any CPU.Build.0 = Release|Any CPU
		{AFCB9B9F-69DB-4770-B835-8C3E2CD117E4}.Ad-Hoc|ARM.ActiveCfg = Release|Any CPU
		{AFCB9B9F-69DB-4770-B835-8C3E2CD117E4}.Ad-Hoc|ARM.Build.0 = Release|Any CPU
		{AFCB9B9F-69DB-4770-B835-8C3E2CD117E4}.Ad-Hoc|ARM64.ActiveCfg = Release|Any CPU
		{AFCB9B9F-69DB-4770-B835-8C3E2CD117E4}.Ad-Hoc|ARM64.Build.0 = Release|Any CPU
		{AFCB9B9F-69DB-4770-B835-8C3E2CD117E4}.Ad-Hoc|iPhone.ActiveCfg = Release|Any CPU
		{AFCB9B9F-69DB-4770-B835-8C3E2CD117E4}.Ad-Hoc|iPhone.Build.0 = Release|Any CPU
		{AFCB9B9F-69DB-4770-B835-8C3E2CD117E4}.Ad-Hoc|iPhoneSimulator.ActiveCfg = Release|Any CPU
		{AFCB9B9F-69DB-4770-B835-8C3E2CD117E4}.Ad-Hoc|iPhoneSimulator.Build.0 = Release|Any CPU
		{AFCB9B9F-69DB-4770-B835-8C3E2CD117E4}.Ad-Hoc|x64.ActiveCfg = Release|Any CPU
		{AFCB9B9F-69DB-4770-B835-8C3E2CD117E4}.Ad-Hoc|x64.Build.0 = Release|Any CPU
		{AFCB9B9F-69DB-4770-B835-8C3E2CD117E4}.Ad-Hoc|x86.ActiveCfg = Release|Any CPU
		{AFCB9B9F-69DB-4770-B835-8C3E2CD117E4}.Ad-Hoc|x86.Build.0 = Release|Any CPU
		{AFCB9B9F-69DB-4770-B835-8C3E2CD117E4}.AppStore|Any CPU.ActiveCfg = Release|Any CPU
		{AFCB9B9F-69DB-4770-B835-8C3E2CD117E4}.AppStore|Any CPU.Build.0 = Release|Any CPU
		{AFCB9B9F-69DB-4770-B835-8C3E2CD117E4}.AppStore|ARM.ActiveCfg = Release|Any CPU
		{AFCB9B9F-69DB-4770-B835-8C3E2CD117E4}.AppStore|ARM.Build.0 = Release|Any CPU
		{AFCB9B9F-69DB-4770-B835-8C3E2CD117E4}.AppStore|ARM64.ActiveCfg = Release|Any CPU
		{AFCB9B9F-69DB-4770-B835-8C3E2CD117E4}.AppStore|ARM64.Build.0 = Release|Any CPU
		{AFCB9B9F-69DB-4770-B835-8C3E2CD117E4}.AppStore|iPhone.ActiveCfg = Release|Any CPU
		{AFCB9B9F-69DB-4770-B835-8C3E2CD117E4}.AppStore|iPhone.Build.0 = Release|Any CPU
		{AFCB9B9F-69DB-4770-B835-8C3E2CD117E4}.AppStore|iPhoneSimulator.ActiveCfg = Release|Any CPU
		{AFCB9B9F-69DB-4770-B835-8C3E2CD117E4}.AppStore|iPhoneSimulator.Build.0 = Release|Any CPU
		{AFCB9B9F-69DB-4770-B835-8C3E2CD117E4}.AppStore|x64.ActiveCfg = Release|Any CPU
		{AFCB9B9F-69DB-4770-B835-8C3E2CD117E4}.AppStore|x64.Build.0 = Release|Any CPU
		{AFCB9B9F-69DB-4770-B835-8C3E2CD117E4}.AppStore|x86.ActiveCfg = Release|Any CPU
		{AFCB9B9F-69DB-4770-B835-8C3E2CD117E4}.AppStore|x86.Build.0 = Release|Any CPU
		{AFCB9B9F-69DB-4770-B835-8C3E2CD117E4}.Debug|Any CPU.ActiveCfg = Debug|Any CPU
		{AFCB9B9F-69DB-4770-B835-8C3E2CD117E4}.Debug|Any CPU.Build.0 = Debug|Any CPU
		{AFCB9B9F-69DB-4770-B835-8C3E2CD117E4}.Debug|ARM.ActiveCfg = Debug|Any CPU
		{AFCB9B9F-69DB-4770-B835-8C3E2CD117E4}.Debug|ARM.Build.0 = Debug|Any CPU
		{AFCB9B9F-69DB-4770-B835-8C3E2CD117E4}.Debug|ARM64.ActiveCfg = Debug|Any CPU
		{AFCB9B9F-69DB-4770-B835-8C3E2CD117E4}.Debug|ARM64.Build.0 = Debug|Any CPU
		{AFCB9B9F-69DB-4770-B835-8C3E2CD117E4}.Debug|iPhone.ActiveCfg = Debug|Any CPU
		{AFCB9B9F-69DB-4770-B835-8C3E2CD117E4}.Debug|iPhone.Build.0 = Debug|Any CPU
		{AFCB9B9F-69DB-4770-B835-8C3E2CD117E4}.Debug|iPhoneSimulator.ActiveCfg = Debug|Any CPU
		{AFCB9B9F-69DB-4770-B835-8C3E2CD117E4}.Debug|iPhoneSimulator.Build.0 = Debug|Any CPU
		{AFCB9B9F-69DB-4770-B835-8C3E2CD117E4}.Debug|x64.ActiveCfg = Debug|Any CPU
		{AFCB9B9F-69DB-4770-B835-8C3E2CD117E4}.Debug|x64.Build.0 = Debug|Any CPU
		{AFCB9B9F-69DB-4770-B835-8C3E2CD117E4}.Debug|x86.ActiveCfg = Debug|Any CPU
		{AFCB9B9F-69DB-4770-B835-8C3E2CD117E4}.Debug|x86.Build.0 = Debug|Any CPU
		{AFCB9B9F-69DB-4770-B835-8C3E2CD117E4}.Release|Any CPU.ActiveCfg = Release|Any CPU
		{AFCB9B9F-69DB-4770-B835-8C3E2CD117E4}.Release|Any CPU.Build.0 = Release|Any CPU
		{AFCB9B9F-69DB-4770-B835-8C3E2CD117E4}.Release|ARM.ActiveCfg = Release|Any CPU
		{AFCB9B9F-69DB-4770-B835-8C3E2CD117E4}.Release|ARM.Build.0 = Release|Any CPU
		{AFCB9B9F-69DB-4770-B835-8C3E2CD117E4}.Release|ARM64.ActiveCfg = Release|Any CPU
		{AFCB9B9F-69DB-4770-B835-8C3E2CD117E4}.Release|ARM64.Build.0 = Release|Any CPU
		{AFCB9B9F-69DB-4770-B835-8C3E2CD117E4}.Release|iPhone.ActiveCfg = Release|Any CPU
		{AFCB9B9F-69DB-4770-B835-8C3E2CD117E4}.Release|iPhone.Build.0 = Release|Any CPU
		{AFCB9B9F-69DB-4770-B835-8C3E2CD117E4}.Release|iPhoneSimulator.ActiveCfg = Release|Any CPU
		{AFCB9B9F-69DB-4770-B835-8C3E2CD117E4}.Release|iPhoneSimulator.Build.0 = Release|Any CPU
		{AFCB9B9F-69DB-4770-B835-8C3E2CD117E4}.Release|x64.ActiveCfg = Release|Any CPU
		{AFCB9B9F-69DB-4770-B835-8C3E2CD117E4}.Release|x64.Build.0 = Release|Any CPU
		{AFCB9B9F-69DB-4770-B835-8C3E2CD117E4}.Release|x86.ActiveCfg = Release|Any CPU
		{AFCB9B9F-69DB-4770-B835-8C3E2CD117E4}.Release|x86.Build.0 = Release|Any CPU
		{E8BB75BE-F457-43AD-BFF4-FF0986781EAD}.Ad-Hoc|Any CPU.ActiveCfg = Release|Any CPU
		{E8BB75BE-F457-43AD-BFF4-FF0986781EAD}.Ad-Hoc|Any CPU.Build.0 = Release|Any CPU
		{E8BB75BE-F457-43AD-BFF4-FF0986781EAD}.Ad-Hoc|ARM.ActiveCfg = Release|Any CPU
		{E8BB75BE-F457-43AD-BFF4-FF0986781EAD}.Ad-Hoc|ARM.Build.0 = Release|Any CPU
		{E8BB75BE-F457-43AD-BFF4-FF0986781EAD}.Ad-Hoc|ARM64.ActiveCfg = Release|Any CPU
		{E8BB75BE-F457-43AD-BFF4-FF0986781EAD}.Ad-Hoc|ARM64.Build.0 = Release|Any CPU
		{E8BB75BE-F457-43AD-BFF4-FF0986781EAD}.Ad-Hoc|iPhone.ActiveCfg = Release|Any CPU
		{E8BB75BE-F457-43AD-BFF4-FF0986781EAD}.Ad-Hoc|iPhone.Build.0 = Release|Any CPU
		{E8BB75BE-F457-43AD-BFF4-FF0986781EAD}.Ad-Hoc|iPhoneSimulator.ActiveCfg = Release|Any CPU
		{E8BB75BE-F457-43AD-BFF4-FF0986781EAD}.Ad-Hoc|iPhoneSimulator.Build.0 = Release|Any CPU
		{E8BB75BE-F457-43AD-BFF4-FF0986781EAD}.Ad-Hoc|x64.ActiveCfg = Release|Any CPU
		{E8BB75BE-F457-43AD-BFF4-FF0986781EAD}.Ad-Hoc|x64.Build.0 = Release|Any CPU
		{E8BB75BE-F457-43AD-BFF4-FF0986781EAD}.Ad-Hoc|x86.ActiveCfg = Release|Any CPU
		{E8BB75BE-F457-43AD-BFF4-FF0986781EAD}.Ad-Hoc|x86.Build.0 = Release|Any CPU
		{E8BB75BE-F457-43AD-BFF4-FF0986781EAD}.AppStore|Any CPU.ActiveCfg = Release|Any CPU
		{E8BB75BE-F457-43AD-BFF4-FF0986781EAD}.AppStore|Any CPU.Build.0 = Release|Any CPU
		{E8BB75BE-F457-43AD-BFF4-FF0986781EAD}.AppStore|ARM.ActiveCfg = Release|Any CPU
		{E8BB75BE-F457-43AD-BFF4-FF0986781EAD}.AppStore|ARM.Build.0 = Release|Any CPU
		{E8BB75BE-F457-43AD-BFF4-FF0986781EAD}.AppStore|ARM64.ActiveCfg = Release|Any CPU
		{E8BB75BE-F457-43AD-BFF4-FF0986781EAD}.AppStore|ARM64.Build.0 = Release|Any CPU
		{E8BB75BE-F457-43AD-BFF4-FF0986781EAD}.AppStore|iPhone.ActiveCfg = Release|Any CPU
		{E8BB75BE-F457-43AD-BFF4-FF0986781EAD}.AppStore|iPhone.Build.0 = Release|Any CPU
		{E8BB75BE-F457-43AD-BFF4-FF0986781EAD}.AppStore|iPhoneSimulator.ActiveCfg = Release|Any CPU
		{E8BB75BE-F457-43AD-BFF4-FF0986781EAD}.AppStore|iPhoneSimulator.Build.0 = Release|Any CPU
		{E8BB75BE-F457-43AD-BFF4-FF0986781EAD}.AppStore|x64.ActiveCfg = Release|Any CPU
		{E8BB75BE-F457-43AD-BFF4-FF0986781EAD}.AppStore|x64.Build.0 = Release|Any CPU
		{E8BB75BE-F457-43AD-BFF4-FF0986781EAD}.AppStore|x86.ActiveCfg = Release|Any CPU
		{E8BB75BE-F457-43AD-BFF4-FF0986781EAD}.AppStore|x86.Build.0 = Release|Any CPU
		{E8BB75BE-F457-43AD-BFF4-FF0986781EAD}.Debug|Any CPU.ActiveCfg = Debug|Any CPU
		{E8BB75BE-F457-43AD-BFF4-FF0986781EAD}.Debug|Any CPU.Build.0 = Debug|Any CPU
		{E8BB75BE-F457-43AD-BFF4-FF0986781EAD}.Debug|ARM.ActiveCfg = Debug|Any CPU
		{E8BB75BE-F457-43AD-BFF4-FF0986781EAD}.Debug|ARM.Build.0 = Debug|Any CPU
		{E8BB75BE-F457-43AD-BFF4-FF0986781EAD}.Debug|ARM64.ActiveCfg = Debug|Any CPU
		{E8BB75BE-F457-43AD-BFF4-FF0986781EAD}.Debug|ARM64.Build.0 = Debug|Any CPU
		{E8BB75BE-F457-43AD-BFF4-FF0986781EAD}.Debug|iPhone.ActiveCfg = Debug|Any CPU
		{E8BB75BE-F457-43AD-BFF4-FF0986781EAD}.Debug|iPhone.Build.0 = Debug|Any CPU
		{E8BB75BE-F457-43AD-BFF4-FF0986781EAD}.Debug|iPhoneSimulator.ActiveCfg = Debug|Any CPU
		{E8BB75BE-F457-43AD-BFF4-FF0986781EAD}.Debug|iPhoneSimulator.Build.0 = Debug|Any CPU
		{E8BB75BE-F457-43AD-BFF4-FF0986781EAD}.Debug|x64.ActiveCfg = Debug|Any CPU
		{E8BB75BE-F457-43AD-BFF4-FF0986781EAD}.Debug|x64.Build.0 = Debug|Any CPU
		{E8BB75BE-F457-43AD-BFF4-FF0986781EAD}.Debug|x86.ActiveCfg = Debug|Any CPU
		{E8BB75BE-F457-43AD-BFF4-FF0986781EAD}.Debug|x86.Build.0 = Debug|Any CPU
		{E8BB75BE-F457-43AD-BFF4-FF0986781EAD}.Release|Any CPU.ActiveCfg = Release|Any CPU
		{E8BB75BE-F457-43AD-BFF4-FF0986781EAD}.Release|Any CPU.Build.0 = Release|Any CPU
		{E8BB75BE-F457-43AD-BFF4-FF0986781EAD}.Release|ARM.ActiveCfg = Release|Any CPU
		{E8BB75BE-F457-43AD-BFF4-FF0986781EAD}.Release|ARM.Build.0 = Release|Any CPU
		{E8BB75BE-F457-43AD-BFF4-FF0986781EAD}.Release|ARM64.ActiveCfg = Release|Any CPU
		{E8BB75BE-F457-43AD-BFF4-FF0986781EAD}.Release|ARM64.Build.0 = Release|Any CPU
		{E8BB75BE-F457-43AD-BFF4-FF0986781EAD}.Release|iPhone.ActiveCfg = Release|Any CPU
		{E8BB75BE-F457-43AD-BFF4-FF0986781EAD}.Release|iPhone.Build.0 = Release|Any CPU
		{E8BB75BE-F457-43AD-BFF4-FF0986781EAD}.Release|iPhoneSimulator.ActiveCfg = Release|Any CPU
		{E8BB75BE-F457-43AD-BFF4-FF0986781EAD}.Release|iPhoneSimulator.Build.0 = Release|Any CPU
		{E8BB75BE-F457-43AD-BFF4-FF0986781EAD}.Release|x64.ActiveCfg = Release|Any CPU
		{E8BB75BE-F457-43AD-BFF4-FF0986781EAD}.Release|x64.Build.0 = Release|Any CPU
		{E8BB75BE-F457-43AD-BFF4-FF0986781EAD}.Release|x86.ActiveCfg = Release|Any CPU
		{E8BB75BE-F457-43AD-BFF4-FF0986781EAD}.Release|x86.Build.0 = Release|Any CPU
	EndGlobalSection
	GlobalSection(SolutionProperties) = preSolution
		HideSolutionNode = FALSE
	EndGlobalSection
	GlobalSection(ExtensibilityGlobals) = postSolution
		SolutionGuid = {968CE2F3-2F95-4AD6-8B32-898AB9B4DC1A}
	EndGlobalSection
EndGlobal
